// !$*UTF8*$!
{
	archiveVersion = 1;
	classes = {
	};
	objectVersion = 46;
	objects = {

/* Begin PBXBuildFile section */
		401E993C1EB7FBAA003201B7 /* DummyUsers.json in Resources */ = {isa = PBXBuildFile; fileRef = 401E993B1EB7FBAA003201B7 /* DummyUsers.json */; };
		401E993F1EB80020003201B7 /* UsersFromJson.m in Sources */ = {isa = PBXBuildFile; fileRef = 401E993E1EB80020003201B7 /* UsersFromJson.m */; };
		401E99441EB84EF9003201B7 /* Assets.xcassets in Resources */ = {isa = PBXBuildFile; fileRef = 401E99431EB84EF9003201B7 /* Assets.xcassets */; };
		403389051EB6F9FD00472207 /* main.m in Sources */ = {isa = PBXBuildFile; fileRef = 403389041EB6F9FD00472207 /* main.m */; };
		403389081EB6F9FD00472207 /* AppDelegate.m in Sources */ = {isa = PBXBuildFile; fileRef = 403389071EB6F9FD00472207 /* AppDelegate.m */; };
		4033890B1EB6F9FD00472207 /* ViewController.m in Sources */ = {isa = PBXBuildFile; fileRef = 4033890A1EB6F9FD00472207 /* ViewController.m */; };
		4033890E1EB6F9FD00472207 /* Main.storyboard in Resources */ = {isa = PBXBuildFile; fileRef = 4033890C1EB6F9FD00472207 /* Main.storyboard */; };
		403389131EB6F9FD00472207 /* LaunchScreen.storyboard in Resources */ = {isa = PBXBuildFile; fileRef = 403389111EB6F9FD00472207 /* LaunchScreen.storyboard */; };
		4033891F1EB6FA8800472207 /* User.m in Sources */ = {isa = PBXBuildFile; fileRef = 4033891E1EB6FA8800472207 /* User.m */; };
		4033892B1EB713CD00472207 /* TabBarController.m in Sources */ = {isa = PBXBuildFile; fileRef = 4033892A1EB713CD00472207 /* TabBarController.m */; };
		403389301EB7C71900472207 /* PlaceHolderViewController.m in Sources */ = {isa = PBXBuildFile; fileRef = 4033892F1EB7C71900472207 /* PlaceHolderViewController.m */; };
		403389351EB7C80500472207 /* UIViewController+UIViewController_NavigationTitle.m in Sources */ = {isa = PBXBuildFile; fileRef = 403389341EB7C80500472207 /* UIViewController+UIViewController_NavigationTitle.m */; };
		4033893D1EB7D7B300472207 /* UserCollectionViewCell.m in Sources */ = {isa = PBXBuildFile; fileRef = 4033893C1EB7D7B300472207 /* UserCollectionViewCell.m */; };
		403389401EB7D82F00472207 /* CircularLayout.m in Sources */ = {isa = PBXBuildFile; fileRef = 4033893F1EB7D82F00472207 /* CircularLayout.m */; };
/* End PBXBuildFile section */

/* Begin PBXFileReference section */
		401E993B1EB7FBAA003201B7 /* DummyUsers.json */ = {isa = PBXFileReference; fileEncoding = 4; lastKnownFileType = text.json; path = DummyUsers.json; sourceTree = "<group>"; };
		401E993D1EB80020003201B7 /* UsersFromJson.h */ = {isa = PBXFileReference; fileEncoding = 4; lastKnownFileType = sourcecode.c.h; path = UsersFromJson.h; sourceTree = "<group>"; };
		401E993E1EB80020003201B7 /* UsersFromJson.m */ = {isa = PBXFileReference; fileEncoding = 4; lastKnownFileType = sourcecode.c.objc; path = UsersFromJson.m; sourceTree = "<group>"; };
		401E99431EB84EF9003201B7 /* Assets.xcassets */ = {isa = PBXFileReference; lastKnownFileType = folder.assetcatalog; path = Assets.xcassets; sourceTree = "<group>"; };
		403389001EB6F9FD00472207 /* iOSAssignment.app */ = {isa = PBXFileReference; explicitFileType = wrapper.application; includeInIndex = 0; path = iOSAssignment.app; sourceTree = BUILT_PRODUCTS_DIR; };
		403389041EB6F9FD00472207 /* main.m */ = {isa = PBXFileReference; lastKnownFileType = sourcecode.c.objc; path = main.m; sourceTree = "<group>"; };
		403389061EB6F9FD00472207 /* AppDelegate.h */ = {isa = PBXFileReference; lastKnownFileType = sourcecode.c.h; path = AppDelegate.h; sourceTree = "<group>"; };
		403389071EB6F9FD00472207 /* AppDelegate.m */ = {isa = PBXFileReference; lastKnownFileType = sourcecode.c.objc; path = AppDelegate.m; sourceTree = "<group>"; };
		403389091EB6F9FD00472207 /* ViewController.h */ = {isa = PBXFileReference; lastKnownFileType = sourcecode.c.h; path = ViewController.h; sourceTree = "<group>"; };
		4033890A1EB6F9FD00472207 /* ViewController.m */ = {isa = PBXFileReference; lastKnownFileType = sourcecode.c.objc; path = ViewController.m; sourceTree = "<group>"; };
		4033890D1EB6F9FD00472207 /* Base */ = {isa = PBXFileReference; lastKnownFileType = file.storyboard; name = Base; path = Base.lproj/Main.storyboard; sourceTree = "<group>"; };
		403389121EB6F9FD00472207 /* Base */ = {isa = PBXFileReference; lastKnownFileType = file.storyboard; name = Base; path = Base.lproj/LaunchScreen.storyboard; sourceTree = "<group>"; };
		403389141EB6F9FD00472207 /* Info.plist */ = {isa = PBXFileReference; lastKnownFileType = text.plist.xml; path = Info.plist; sourceTree = "<group>"; };
		4033891D1EB6FA8800472207 /* User.h */ = {isa = PBXFileReference; fileEncoding = 4; lastKnownFileType = sourcecode.c.h; path = User.h; sourceTree = "<group>"; };
		4033891E1EB6FA8800472207 /* User.m */ = {isa = PBXFileReference; fileEncoding = 4; lastKnownFileType = sourcecode.c.objc; path = User.m; sourceTree = "<group>"; };
		403389291EB713CD00472207 /* TabBarController.h */ = {isa = PBXFileReference; fileEncoding = 4; lastKnownFileType = sourcecode.c.h; path = TabBarController.h; sourceTree = "<group>"; };
		4033892A1EB713CD00472207 /* TabBarController.m */ = {isa = PBXFileReference; fileEncoding = 4; lastKnownFileType = sourcecode.c.objc; path = TabBarController.m; sourceTree = "<group>"; };
		4033892E1EB7C71900472207 /* PlaceHolderViewController.h */ = {isa = PBXFileReference; fileEncoding = 4; lastKnownFileType = sourcecode.c.h; path = PlaceHolderViewController.h; sourceTree = "<group>"; };
		4033892F1EB7C71900472207 /* PlaceHolderViewController.m */ = {isa = PBXFileReference; fileEncoding = 4; lastKnownFileType = sourcecode.c.objc; path = PlaceHolderViewController.m; sourceTree = "<group>"; };
		403389331EB7C80500472207 /* UIViewController+UIViewController_NavigationTitle.h */ = {isa = PBXFileReference; fileEncoding = 4; lastKnownFileType = sourcecode.c.h; path = "UIViewController+UIViewController_NavigationTitle.h"; sourceTree = "<group>"; };
		403389341EB7C80500472207 /* UIViewController+UIViewController_NavigationTitle.m */ = {isa = PBXFileReference; fileEncoding = 4; lastKnownFileType = sourcecode.c.objc; path = "UIViewController+UIViewController_NavigationTitle.m"; sourceTree = "<group>"; };
		4033893B1EB7D7B300472207 /* UserCollectionViewCell.h */ = {isa = PBXFileReference; fileEncoding = 4; lastKnownFileType = sourcecode.c.h; path = UserCollectionViewCell.h; sourceTree = "<group>"; };
		4033893C1EB7D7B300472207 /* UserCollectionViewCell.m */ = {isa = PBXFileReference; fileEncoding = 4; lastKnownFileType = sourcecode.c.objc; path = UserCollectionViewCell.m; sourceTree = "<group>"; };
		4033893E1EB7D82F00472207 /* CircularLayout.h */ = {isa = PBXFileReference; fileEncoding = 4; lastKnownFileType = sourcecode.c.h; path = CircularLayout.h; sourceTree = "<group>"; };
		4033893F1EB7D82F00472207 /* CircularLayout.m */ = {isa = PBXFileReference; fileEncoding = 4; lastKnownFileType = sourcecode.c.objc; path = CircularLayout.m; sourceTree = "<group>"; };
/* End PBXFileReference section */

/* Begin PBXFrameworksBuildPhase section */
		403388FD1EB6F9FD00472207 /* Frameworks */ = {
			isa = PBXFrameworksBuildPhase;
			buildActionMask = 2147483647;
			files = (
			);
			runOnlyForDeploymentPostprocessing = 0;
		};
/* End PBXFrameworksBuildPhase section */

/* Begin PBXGroup section */
		403388F71EB6F9FD00472207 = {
			isa = PBXGroup;
			children = (
				403389021EB6F9FD00472207 /* iOSAssignment */,
				403389011EB6F9FD00472207 /* Products */,
			);
			sourceTree = "<group>";
		};
		403389011EB6F9FD00472207 /* Products */ = {
			isa = PBXGroup;
			children = (
				403389001EB6F9FD00472207 /* iOSAssignment.app */,
			);
			name = Products;
			sourceTree = "<group>";
		};
		403389021EB6F9FD00472207 /* iOSAssignment */ = {
			isa = PBXGroup;
			children = (
				403389061EB6F9FD00472207 /* AppDelegate.h */,
				403389071EB6F9FD00472207 /* AppDelegate.m */,
				403389141EB6F9FD00472207 /* Info.plist */,
				401E993B1EB7FBAA003201B7 /* DummyUsers.json */,
				403389031EB6F9FD00472207 /* Supporting Files */,
				4033891B1EB6FA2D00472207 /* Views */,
				4033891A1EB6FA2A00472207 /* Models */,
				403389311EB7C7A100472207 /* Categories */,
				4033891C1EB6FA2D00472207 /* Controllers */,
			);
			path = iOSAssignment;
			sourceTree = "<group>";
		};
		403389031EB6F9FD00472207 /* Supporting Files */ = {
			isa = PBXGroup;
			children = (
				403389041EB6F9FD00472207 /* main.m */,
			);
			name = "Supporting Files";
			sourceTree = "<group>";
		};
		4033891A1EB6FA2A00472207 /* Models */ = {
			isa = PBXGroup;
			children = (
				4033891D1EB6FA8800472207 /* User.h */,
				4033891E1EB6FA8800472207 /* User.m */,
				401E993D1EB80020003201B7 /* UsersFromJson.h */,
				401E993E1EB80020003201B7 /* UsersFromJson.m */,
			);
			name = Models;
			sourceTree = "<group>";
		};
		4033891B1EB6FA2D00472207 /* Views */ = {
			isa = PBXGroup;
			children = (
				403389361EB7C90100472207 /* UI */,
				401E99431EB84EF9003201B7 /* Assets.xcassets */,
				4033893B1EB7D7B300472207 /* UserCollectionViewCell.h */,
				4033893C1EB7D7B300472207 /* UserCollectionViewCell.m */,
				4033893E1EB7D82F00472207 /* CircularLayout.h */,
				4033893F1EB7D82F00472207 /* CircularLayout.m */,
			);
			name = Views;
			sourceTree = "<group>";
		};
		4033891C1EB6FA2D00472207 /* Controllers */ = {
			isa = PBXGroup;
			children = (
				403389291EB713CD00472207 /* TabBarController.h */,
				4033892A1EB713CD00472207 /* TabBarController.m */,
				4033892E1EB7C71900472207 /* PlaceHolderViewController.h */,
				4033892F1EB7C71900472207 /* PlaceHolderViewController.m */,
				403389091EB6F9FD00472207 /* ViewController.h */,
				4033890A1EB6F9FD00472207 /* ViewController.m */,
			);
			name = Controllers;
			sourceTree = "<group>";
		};
		403389311EB7C7A100472207 /* Categories */ = {
			isa = PBXGroup;
			children = (
				403389331EB7C80500472207 /* UIViewController+UIViewController_NavigationTitle.h */,
				403389341EB7C80500472207 /* UIViewController+UIViewController_NavigationTitle.m */,
			);
			name = Categories;
			sourceTree = "<group>";
		};
		403389361EB7C90100472207 /* UI */ = {
			isa = PBXGroup;
			children = (
				4033890C1EB6F9FD00472207 /* Main.storyboard */,
				403389111EB6F9FD00472207 /* LaunchScreen.storyboard */,
			);
			name = UI;
			sourceTree = "<group>";
		};
/* End PBXGroup section */

/* Begin PBXNativeTarget section */
		403388FF1EB6F9FD00472207 /* iOSAssignment */ = {
			isa = PBXNativeTarget;
			buildConfigurationList = 403389171EB6F9FD00472207 /* Build configuration list for PBXNativeTarget "iOSAssignment" */;
			buildPhases = (
				403388FC1EB6F9FD00472207 /* Sources */,
				403388FD1EB6F9FD00472207 /* Frameworks */,
				403388FE1EB6F9FD00472207 /* Resources */,
			);
			buildRules = (
			);
			dependencies = (
			);
			name = iOSAssignment;
			productName = iOSAssignment;
			productReference = 403389001EB6F9FD00472207 /* iOSAssignment.app */;
			productType = "com.apple.product-type.application";
		};
/* End PBXNativeTarget section */

/* Begin PBXProject section */
		403388F81EB6F9FD00472207 /* Project object */ = {
			isa = PBXProject;
			attributes = {
				LastUpgradeCheck = 0830;
				ORGANIZATIONNAME = "Jeff Eom";
				TargetAttributes = {
					403388FF1EB6F9FD00472207 = {
						CreatedOnToolsVersion = 8.3.2;
						DevelopmentTeam = RJSTWC7526;
						ProvisioningStyle = Automatic;
					};
				};
			};
			buildConfigurationList = 403388FB1EB6F9FD00472207 /* Build configuration list for PBXProject "iOSAssignment" */;
			compatibilityVersion = "Xcode 3.2";
			developmentRegion = English;
			hasScannedForEncodings = 0;
			knownRegions = (
				en,
				Base,
			);
			mainGroup = 403388F71EB6F9FD00472207;
			productRefGroup = 403389011EB6F9FD00472207 /* Products */;
			projectDirPath = "";
			projectRoot = "";
			targets = (
				403388FF1EB6F9FD00472207 /* iOSAssignment */,
			);
		};
/* End PBXProject section */

/* Begin PBXResourcesBuildPhase section */
		403388FE1EB6F9FD00472207 /* Resources */ = {
			isa = PBXResourcesBuildPhase;
			buildActionMask = 2147483647;
			files = (
				401E99441EB84EF9003201B7 /* Assets.xcassets in Resources */,
				403389131EB6F9FD00472207 /* LaunchScreen.storyboard in Resources */,
				401E993C1EB7FBAA003201B7 /* DummyUsers.json in Resources */,
				4033890E1EB6F9FD00472207 /* Main.storyboard in Resources */,
			);
			runOnlyForDeploymentPostprocessing = 0;
		};
/* End PBXResourcesBuildPhase section */

/* Begin PBXSourcesBuildPhase section */
		403388FC1EB6F9FD00472207 /* Sources */ = {
			isa = PBXSourcesBuildPhase;
			buildActionMask = 2147483647;
			files = (
				401E993F1EB80020003201B7 /* UsersFromJson.m in Sources */,
				403389301EB7C71900472207 /* PlaceHolderViewController.m in Sources */,
				4033893D1EB7D7B300472207 /* UserCollectionViewCell.m in Sources */,
				4033891F1EB6FA8800472207 /* User.m in Sources */,
				403389401EB7D82F00472207 /* CircularLayout.m in Sources */,
				4033890B1EB6F9FD00472207 /* ViewController.m in Sources */,
				4033892B1EB713CD00472207 /* TabBarController.m in Sources */,
				403389351EB7C80500472207 /* UIViewController+UIViewController_NavigationTitle.m in Sources */,
				403389081EB6F9FD00472207 /* AppDelegate.m in Sources */,
				403389051EB6F9FD00472207 /* main.m in Sources */,
			);
			runOnlyForDeploymentPostprocessing = 0;
		};
/* End PBXSourcesBuildPhase section */

/* Begin PBXVariantGroup section */
		4033890C1EB6F9FD00472207 /* Main.storyboard */ = {
			isa = PBXVariantGroup;
			children = (
				4033890D1EB6F9FD00472207 /* Base */,
			);
			name = Main.storyboard;
			sourceTree = "<group>";
		};
		403389111EB6F9FD00472207 /* LaunchScreen.storyboard */ = {
			isa = PBXVariantGroup;
			children = (
				403389121EB6F9FD00472207 /* Base */,
			);
			name = LaunchScreen.storyboard;
			sourceTree = "<group>";
		};
/* End PBXVariantGroup section */

/* Begin XCBuildConfiguration section */
		403389151EB6F9FD00472207 /* Debug */ = {
			isa = XCBuildConfiguration;
			buildSettings = {
				ALWAYS_SEARCH_USER_PATHS = NO;
				CLANG_ANALYZER_NONNULL = YES;
				CLANG_ANALYZER_NUMBER_OBJECT_CONVERSION = YES_AGGRESSIVE;
				CLANG_CXX_LANGUAGE_STANDARD = "gnu++0x";
				CLANG_CXX_LIBRARY = "libc++";
				CLANG_ENABLE_MODULES = YES;
				CLANG_ENABLE_OBJC_ARC = YES;
				CLANG_WARN_BOOL_CONVERSION = YES;
				CLANG_WARN_CONSTANT_CONVERSION = YES;
				CLANG_WARN_DIRECT_OBJC_ISA_USAGE = YES_ERROR;
				CLANG_WARN_DOCUMENTATION_COMMENTS = YES;
				CLANG_WARN_EMPTY_BODY = YES;
				CLANG_WARN_ENUM_CONVERSION = YES;
				CLANG_WARN_INFINITE_RECURSION = YES;
				CLANG_WARN_INT_CONVERSION = YES;
				CLANG_WARN_OBJC_ROOT_CLASS = YES_ERROR;
				CLANG_WARN_SUSPICIOUS_MOVE = YES;
				CLANG_WARN_UNREACHABLE_CODE = YES;
				CLANG_WARN__DUPLICATE_METHOD_MATCH = YES;
				"CODE_SIGN_IDENTITY[sdk=iphoneos*]" = "iPhone Developer";
				COPY_PHASE_STRIP = NO;
				DEBUG_INFORMATION_FORMAT = dwarf;
				ENABLE_STRICT_OBJC_MSGSEND = YES;
				ENABLE_TESTABILITY = YES;
				GCC_C_LANGUAGE_STANDARD = gnu99;
				GCC_DYNAMIC_NO_PIC = NO;
				GCC_NO_COMMON_BLOCKS = YES;
				GCC_OPTIMIZATION_LEVEL = 0;
				GCC_PREPROCESSOR_DEFINITIONS = (
					"DEBUG=1",
					"$(inherited)",
				);
				GCC_WARN_64_TO_32_BIT_CONVERSION = YES;
				GCC_WARN_ABOUT_RETURN_TYPE = YES_ERROR;
				GCC_WARN_UNDECLARED_SELECTOR = YES;
				GCC_WARN_UNINITIALIZED_AUTOS = YES_AGGRESSIVE;
				GCC_WARN_UNUSED_FUNCTION = YES;
				GCC_WARN_UNUSED_VARIABLE = YES;
				IPHONEOS_DEPLOYMENT_TARGET = 10.3;
				MTL_ENABLE_DEBUG_INFO = YES;
				ONLY_ACTIVE_ARCH = YES;
				SDKROOT = iphoneos;
				TARGETED_DEVICE_FAMILY = "1,2";
			};
			name = Debug;
		};
		403389161EB6F9FD00472207 /* Release */ = {
			isa = XCBuildConfiguration;
			buildSettings = {
				ALWAYS_SEARCH_USER_PATHS = NO;
				CLANG_ANALYZER_NONNULL = YES;
				CLANG_ANALYZER_NUMBER_OBJECT_CONVERSION = YES_AGGRESSIVE;
				CLANG_CXX_LANGUAGE_STANDARD = "gnu++0x";
				CLANG_CXX_LIBRARY = "libc++";
				CLANG_ENABLE_MODULES = YES;
				CLANG_ENABLE_OBJC_ARC = YES;
				CLANG_WARN_BOOL_CONVERSION = YES;
				CLANG_WARN_CONSTANT_CONVERSION = YES;
				CLANG_WARN_DIRECT_OBJC_ISA_USAGE = YES_ERROR;
				CLANG_WARN_DOCUMENTATION_COMMENTS = YES;
				CLANG_WARN_EMPTY_BODY = YES;
				CLANG_WARN_ENUM_CONVERSION = YES;
				CLANG_WARN_INFINITE_RECURSION = YES;
				CLANG_WARN_INT_CONVERSION = YES;
				CLANG_WARN_OBJC_ROOT_CLASS = YES_ERROR;
				CLANG_WARN_SUSPICIOUS_MOVE = YES;
				CLANG_WARN_UNREACHABLE_CODE = YES;
				CLANG_WARN__DUPLICATE_METHOD_MATCH = YES;
				"CODE_SIGN_IDENTITY[sdk=iphoneos*]" = "iPhone Developer";
				COPY_PHASE_STRIP = NO;
				DEBUG_INFORMATION_FORMAT = "dwarf-with-dsym";
				ENABLE_NS_ASSERTIONS = NO;
				ENABLE_STRICT_OBJC_MSGSEND = YES;
				GCC_C_LANGUAGE_STANDARD = gnu99;
				GCC_NO_COMMON_BLOCKS = YES;
				GCC_WARN_64_TO_32_BIT_CONVERSION = YES;
				GCC_WARN_ABOUT_RETURN_TYPE = YES_ERROR;
				GCC_WARN_UNDECLARED_SELECTOR = YES;
				GCC_WARN_UNINITIALIZED_AUTOS = YES_AGGRESSIVE;
				GCC_WARN_UNUSED_FUNCTION = YES;
				GCC_WARN_UNUSED_VARIABLE = YES;
				IPHONEOS_DEPLOYMENT_TARGET = 10.3;
				MTL_ENABLE_DEBUG_INFO = NO;
				SDKROOT = iphoneos;
				TARGETED_DEVICE_FAMILY = "1,2";
				VALIDATE_PRODUCT = YES;
			};
			name = Release;
		};
		403389181EB6F9FD00472207 /* Debug */ = {
			isa = XCBuildConfiguration;
			buildSettings = {
				ASSETCATALOG_COMPILER_APPICON_NAME = AppIcon;
				DEVELOPMENT_TEAM = RJSTWC7526;
				INFOPLIST_FILE = iOSAssignment/Info.plist;
				LD_RUNPATH_SEARCH_PATHS = "$(inherited) @executable_path/Frameworks";
				PRODUCT_BUNDLE_IDENTIFIER = com.jeffeom.iOSAssignment;
				PRODUCT_NAME = "$(TARGET_NAME)";
			};
			name = Debug;
		};
		403389191EB6F9FD00472207 /* Release */ = {
			isa = XCBuildConfiguration;
			buildSettings = {
				ASSETCATALOG_COMPILER_APPICON_NAME = AppIcon;
				DEVELOPMENT_TEAM = RJSTWC7526;
				INFOPLIST_FILE = iOSAssignment/Info.plist;
				LD_RUNPATH_SEARCH_PATHS = "$(inherited) @executable_path/Frameworks";
				PRODUCT_BUNDLE_IDENTIFIER = com.jeffeom.iOSAssignment;
				PRODUCT_NAME = "$(TARGET_NAME)";
			};
			name = Release;
		};
/* End XCBuildConfiguration section */

/* Begin XCConfigurationList section */
		403388FB1EB6F9FD00472207 /* Build configuration list for PBXProject "iOSAssignment" */ = {
			isa = XCConfigurationList;
			buildConfigurations = (
				403389151EB6F9FD00472207 /* Debug */,
				403389161EB6F9FD00472207 /* Release */,
			);
			defaultConfigurationIsVisible = 0;
			defaultConfigurationName = Release;
		};
		403389171EB6F9FD00472207 /* Build configuration list for PBXNativeTarget "iOSAssignment" */ = {
			isa = XCConfigurationList;
			buildConfigurations = (
				403389181EB6F9FD00472207 /* Debug */,
				403389191EB6F9FD00472207 /* Release */,
			);
			defaultConfigurationIsVisible = 0;
			defaultConfigurationName = Release;
		};
/* End XCConfigurationList section */
	};
	rootObject = 403388F81EB6F9FD00472207 /* Project object */;
}
